
Microsoft Visual Studio Solution File, Format Version 12.00
# Visual Studio Version 17
VisualStudioVersion = 17.1.32414.318
MinimumVisualStudioVersion = 10.0.40219.1
Project("{FAE04EC0-301F-11D3-BF4B-00C04F79EFBC}") = "Projet_1", "Projet_1\Projet_1.csproj", "{2DAAD91D-55F7-48E4-86E7-45E2756AC90D}"
EndProject
Global
	GlobalSection(SolutionConfigurationPlatforms) = preSolution
		Debug|Any CPU = Debug|Any CPU
		Release|Any CPU = Release|Any CPU
	EndGlobalSection
	GlobalSection(ProjectConfigurationPlatforms) = postSolution
		{2DAAD91D-55F7-48E4-86E7-45E2756AC90D}.Debug|Any CPU.ActiveCfg = Debug|Any CPU
		{2DAAD91D-55F7-48E4-86E7-45E2756AC90D}.Debug|Any CPU.Build.0 = Debug|Any CPU
		{2DAAD91D-55F7-48E4-86E7-45E2756AC90D}.Release|Any CPU.ActiveCfg = Release|Any CPU
		{2DAAD91D-55F7-48E4-86E7-45E2756AC90D}.Release|Any CPU.Build.0 = Release|Any CPU
	EndGlobalSection
	GlobalSection(SolutionProperties) = preSolution
		HideSolutionNode = FALSE
	EndGlobalSection
	GlobalSection(ExtensibilityGlobals) = postSolution
		SolutionGuid = {E0DF5785-98B1-4828-9260-A1403C19EE4A}
	EndGlobalSection
EndGlobal
